// !$*UTF8*$!
{
	archiveVersion = 1;
	classes = {
	};
	objectVersion = 50;
	objects = {

/* Begin PBXBuildFile section */
		552646842507A8F300BA42AF /* DOS in CopyFiles */ = {isa = PBXBuildFile; fileRef = 552646832507A8CF00BA42AF /* DOS */; };
		5539EC5D23EE82F100257920 /* Fonts in CopyFiles */ = {isa = PBXBuildFile; fileRef = 5539EC5C23EE82F100257920 /* Fonts */; };
		555F82F523F7EE390068D5AB /* PIT.cpp in Sources */ = {isa = PBXBuildFile; fileRef = 555F82F323F7EE390068D5AB /* PIT.cpp */; };
		5564B20523C5FB7E0081F6B1 /* DMA.cpp in Sources */ = {isa = PBXBuildFile; fileRef = 5564B20323C5FB7E0081F6B1 /* DMA.cpp */; };
		5564B20823C60B400081F6B1 /* PIC.cpp in Sources */ = {isa = PBXBuildFile; fileRef = 5564B20623C60B400081F6B1 /* PIC.cpp */; };
		5564B20B23C614470081F6B1 /* PPI.cpp in Sources */ = {isa = PBXBuildFile; fileRef = 5564B20923C614470081F6B1 /* PPI.cpp */; };
		557530DA22E7E69A009C1B28 /* main.cpp in Sources */ = {isa = PBXBuildFile; fileRef = 557530D922E7E69A009C1B28 /* main.cpp */; };
		55909A99259E6D4D009B439F /* SDL2_ttf.framework in Frameworks */ = {isa = PBXBuildFile; fileRef = 55909A98259E6D4D009B439F /* SDL2_ttf.framework */; };
		55909A9C259E6D9A009B439F /* SDL2.framework in Frameworks */ = {isa = PBXBuildFile; fileRef = 55909A9B259E6D9A009B439F /* SDL2.framework */; };
		55909A9F259E6E31009B439F /* SDL2.framework in Embed Frameworks */ = {isa = PBXBuildFile; fileRef = 55909A9B259E6D9A009B439F /* SDL2.framework */; settings = {ATTRIBUTES = (CodeSignOnCopy, RemoveHeadersOnCopy, ); }; };
		55909AA0259E6E33009B439F /* SDL2_ttf.framework in Embed Frameworks */ = {isa = PBXBuildFile; fileRef = 55909A98259E6D4D009B439F /* SDL2_ttf.framework */; settings = {ATTRIBUTES = (CodeSignOnCopy, RemoveHeadersOnCopy, ); }; };
		5594A57724FAED260089E59F /* CPUTestsMain.cpp in Sources */ = {isa = PBXBuildFile; fileRef = 5594A57624FAED260089E59F /* CPUTestsMain.cpp */; };
		5594A57B24FAED3C0089E59F /* Memory.cpp in Sources */ = {isa = PBXBuildFile; fileRef = 55A0F3E222E7EA2900F6A149 /* Memory.cpp */; };
		5594A57D24FAEE2C0089E59F /* CPU.cpp in Sources */ = {isa = PBXBuildFile; fileRef = 55A0F3DF22E7E85C00F6A149 /* CPU.cpp */; };
		5594A58324FAF4A60089E59F /* catch.hpp in Headers */ = {isa = PBXBuildFile; fileRef = 5594A57C24FAEE100089E59F /* catch.hpp */; settings = {ATTRIBUTES = (Private, ); }; };
		5594A58424FAF4B50089E59F /* CPUTests.cpp in Sources */ = {isa = PBXBuildFile; fileRef = 5594A57E24FAEED90089E59F /* CPUTests.cpp */; };
		5594A58524FAF4F00089E59F /* Memory.hpp in Headers */ = {isa = PBXBuildFile; fileRef = 55A0F3E322E7EA2900F6A149 /* Memory.hpp */; settings = {ATTRIBUTES = (Private, ); }; };
		5594A58624FAF4F50089E59F /* CPU.hpp in Headers */ = {isa = PBXBuildFile; fileRef = 55A0F3E022E7E85C00F6A149 /* CPU.hpp */; settings = {ATTRIBUTES = (Private, ); }; };
		5594A58824FB29D10089E59F /* PortInterface.hpp in Headers */ = {isa = PBXBuildFile; fileRef = 5594A58724FB29D10089E59F /* PortInterface.hpp */; };
		5594A58A24FB2D590089E59F /* DummyPortInterface.hpp in Headers */ = {isa = PBXBuildFile; fileRef = 5594A58924FB2D590089E59F /* DummyPortInterface.hpp */; };
		5594A58B24FB3D580089E59F /* 80186_tests in CopyFiles */ = {isa = PBXBuildFile; fileRef = 5594A58024FAF2030089E59F /* 80186_tests */; };
		55A0F3E122E7E85C00F6A149 /* CPU.cpp in Sources */ = {isa = PBXBuildFile; fileRef = 55A0F3DF22E7E85C00F6A149 /* CPU.cpp */; };
		55A0F3E422E7EA2900F6A149 /* Memory.cpp in Sources */ = {isa = PBXBuildFile; fileRef = 55A0F3E222E7EA2900F6A149 /* Memory.cpp */; };
		55A0F3E822E80F3900F6A149 /* PC.cpp in Sources */ = {isa = PBXBuildFile; fileRef = 55A0F3E622E80F3900F6A149 /* PC.cpp */; };
		55A0F3EE22E82F8900F6A149 /* BIOS in CopyFiles */ = {isa = PBXBuildFile; fileRef = 55A0F3ED22E82F8900F6A149 /* BIOS */; };
		55B5EDF6249A7DB600283102 /* FDC.cpp in Sources */ = {isa = PBXBuildFile; fileRef = 55B5EDF4249A7DB600283102 /* FDC.cpp */; };
		55F0A7BF23CB739E00A0E64B /* CGA.cpp in Sources */ = {isa = PBXBuildFile; fileRef = 55F0A7BD23CB739E00A0E64B /* CGA.cpp */; };
/* End PBXBuildFile section */

/* Begin PBXCopyFilesBuildPhase section */
		557530D422E7E69A009C1B28 /* CopyFiles */ = {
			isa = PBXCopyFilesBuildPhase;
			buildActionMask = 12;
			dstPath = "";
			dstSubfolderSpec = 16;
			files = (
				5539EC5D23EE82F100257920 /* Fonts in CopyFiles */,
				55A0F3EE22E82F8900F6A149 /* BIOS in CopyFiles */,
				552646842507A8F300BA42AF /* DOS in CopyFiles */,
			);
			runOnlyForDeploymentPostprocessing = 0;
		};
		5594A57224FAED260089E59F /* CopyFiles */ = {
			isa = PBXCopyFilesBuildPhase;
			buildActionMask = 12;
			dstPath = "";
			dstSubfolderSpec = 16;
			files = (
				5594A58B24FB3D580089E59F /* 80186_tests in CopyFiles */,
			);
			runOnlyForDeploymentPostprocessing = 0;
		};
		55F0A7C523CB8AB400A0E64B /* Embed Frameworks */ = {
			isa = PBXCopyFilesBuildPhase;
			buildActionMask = 2147483647;
			dstPath = "";
			dstSubfolderSpec = 10;
			files = (
				55909A9F259E6E31009B439F /* SDL2.framework in Embed Frameworks */,
				55909AA0259E6E33009B439F /* SDL2_ttf.framework in Embed Frameworks */,
			);
			name = "Embed Frameworks";
			runOnlyForDeploymentPostprocessing = 0;
		};
/* End PBXCopyFilesBuildPhase section */

/* Begin PBXFileReference section */
		552646832507A8CF00BA42AF /* DOS */ = {isa = PBXFileReference; lastKnownFileType = folder; path = DOS; sourceTree = "<group>"; };
		5539EC5C23EE82F100257920 /* Fonts */ = {isa = PBXFileReference; lastKnownFileType = folder; path = Fonts; sourceTree = "<group>"; };
		555F82F323F7EE390068D5AB /* PIT.cpp */ = {isa = PBXFileReference; lastKnownFileType = sourcecode.cpp.cpp; path = PIT.cpp; sourceTree = "<group>"; };
		555F82F423F7EE390068D5AB /* PIT.hpp */ = {isa = PBXFileReference; lastKnownFileType = sourcecode.cpp.h; path = PIT.hpp; sourceTree = "<group>"; };
		5564B20223C254500081F6B1 /* Instructions.h */ = {isa = PBXFileReference; lastKnownFileType = sourcecode.c.h; path = Instructions.h; sourceTree = "<group>"; };
		5564B20323C5FB7E0081F6B1 /* DMA.cpp */ = {isa = PBXFileReference; lastKnownFileType = sourcecode.cpp.cpp; path = DMA.cpp; sourceTree = "<group>"; };
		5564B20423C5FB7E0081F6B1 /* DMA.hpp */ = {isa = PBXFileReference; lastKnownFileType = sourcecode.cpp.h; path = DMA.hpp; sourceTree = "<group>"; };
		5564B20623C60B400081F6B1 /* PIC.cpp */ = {isa = PBXFileReference; lastKnownFileType = sourcecode.cpp.cpp; path = PIC.cpp; sourceTree = "<group>"; };
		5564B20723C60B400081F6B1 /* PIC.hpp */ = {isa = PBXFileReference; lastKnownFileType = sourcecode.cpp.h; path = PIC.hpp; sourceTree = "<group>"; };
		5564B20923C614470081F6B1 /* PPI.cpp */ = {isa = PBXFileReference; lastKnownFileType = sourcecode.cpp.cpp; path = PPI.cpp; sourceTree = "<group>"; };
		5564B20A23C614470081F6B1 /* PPI.hpp */ = {isa = PBXFileReference; lastKnownFileType = sourcecode.cpp.h; path = PPI.hpp; sourceTree = "<group>"; };
		556C12B622EABC8600A3F140 /* notes.txt */ = {isa = PBXFileReference; lastKnownFileType = text; path = notes.txt; sourceTree = "<group>"; };
		557530D622E7E69A009C1B28 /* DK86PC */ = {isa = PBXFileReference; explicitFileType = "compiled.mach-o.executable"; includeInIndex = 0; path = DK86PC; sourceTree = BUILT_PRODUCTS_DIR; };
		557530D922E7E69A009C1B28 /* main.cpp */ = {isa = PBXFileReference; lastKnownFileType = sourcecode.cpp.cpp; path = main.cpp; sourceTree = "<group>"; };
		55909A98259E6D4D009B439F /* SDL2_ttf.framework */ = {isa = PBXFileReference; lastKnownFileType = wrapper.framework; name = SDL2_ttf.framework; path = SDL/SDL2_ttf.framework; sourceTree = "<group>"; };
		55909A9B259E6D9A009B439F /* SDL2.framework */ = {isa = PBXFileReference; lastKnownFileType = wrapper.framework; name = SDL2.framework; path = SDL/SDL2.framework; sourceTree = "<group>"; };
		5594A57424FAED260089E59F /* CPUTests */ = {isa = PBXFileReference; explicitFileType = "compiled.mach-o.executable"; includeInIndex = 0; path = CPUTests; sourceTree = BUILT_PRODUCTS_DIR; };
		5594A57624FAED260089E59F /* CPUTestsMain.cpp */ = {isa = PBXFileReference; lastKnownFileType = sourcecode.cpp.cpp; path = CPUTestsMain.cpp; sourceTree = "<group>"; };
		5594A57C24FAEE100089E59F /* catch.hpp */ = {isa = PBXFileReference; lastKnownFileType = sourcecode.cpp.h; path = catch.hpp; sourceTree = "<group>"; };
		5594A57E24FAEED90089E59F /* CPUTests.cpp */ = {isa = PBXFileReference; lastKnownFileType = sourcecode.cpp.cpp; path = CPUTests.cpp; sourceTree = "<group>"; };
		5594A58024FAF2030089E59F /* 80186_tests */ = {isa = PBXFileReference; lastKnownFileType = folder; path = 80186_tests; sourceTree = "<group>"; };
		5594A58724FB29D10089E59F /* PortInterface.hpp */ = {isa = PBXFileReference; lastKnownFileType = sourcecode.cpp.h; path = PortInterface.hpp; sourceTree = "<group>"; };
		5594A58924FB2D590089E59F /* DummyPortInterface.hpp */ = {isa = PBXFileReference; lastKnownFileType = sourcecode.cpp.h; path = DummyPortInterface.hpp; sourceTree = "<group>"; };
		55A0F3DF22E7E85C00F6A149 /* CPU.cpp */ = {isa = PBXFileReference; lastKnownFileType = sourcecode.cpp.cpp; path = CPU.cpp; sourceTree = "<group>"; };
		55A0F3E022E7E85C00F6A149 /* CPU.hpp */ = {isa = PBXFileReference; lastKnownFileType = sourcecode.cpp.h; path = CPU.hpp; sourceTree = "<group>"; };
		55A0F3E222E7EA2900F6A149 /* Memory.cpp */ = {isa = PBXFileReference; lastKnownFileType = sourcecode.cpp.cpp; path = Memory.cpp; sourceTree = "<group>"; };
		55A0F3E322E7EA2900F6A149 /* Memory.hpp */ = {isa = PBXFileReference; lastKnownFileType = sourcecode.cpp.h; path = Memory.hpp; sourceTree = "<group>"; };
		55A0F3E522E7EAA200F6A149 /* Types.h */ = {isa = PBXFileReference; lastKnownFileType = sourcecode.c.h; path = Types.h; sourceTree = "<group>"; };
		55A0F3E622E80F3900F6A149 /* PC.cpp */ = {isa = PBXFileReference; lastKnownFileType = sourcecode.cpp.cpp; path = PC.cpp; sourceTree = "<group>"; };
		55A0F3E722E80F3900F6A149 /* PC.hpp */ = {isa = PBXFileReference; lastKnownFileType = sourcecode.cpp.h; path = PC.hpp; sourceTree = "<group>"; };
		55A0F3ED22E82F8900F6A149 /* BIOS */ = {isa = PBXFileReference; lastKnownFileType = folder; path = BIOS; sourceTree = "<group>"; };
		55B5EDF4249A7DB600283102 /* FDC.cpp */ = {isa = PBXFileReference; lastKnownFileType = sourcecode.cpp.cpp; path = FDC.cpp; sourceTree = "<group>"; };
		55B5EDF5249A7DB600283102 /* FDC.hpp */ = {isa = PBXFileReference; lastKnownFileType = sourcecode.cpp.h; path = FDC.hpp; sourceTree = "<group>"; };
		55F0A7BD23CB739E00A0E64B /* CGA.cpp */ = {isa = PBXFileReference; lastKnownFileType = sourcecode.cpp.cpp; path = CGA.cpp; sourceTree = "<group>"; };
		55F0A7BE23CB739E00A0E64B /* CGA.hpp */ = {isa = PBXFileReference; lastKnownFileType = sourcecode.cpp.h; path = CGA.hpp; sourceTree = "<group>"; };
/* End PBXFileReference section */

/* Begin PBXFrameworksBuildPhase section */
		557530D322E7E69A009C1B28 /* Frameworks */ = {
			isa = PBXFrameworksBuildPhase;
			buildActionMask = 2147483647;
			files = (
				55909A99259E6D4D009B439F /* SDL2_ttf.framework in Frameworks */,
				55909A9C259E6D9A009B439F /* SDL2.framework in Frameworks */,
			);
			runOnlyForDeploymentPostprocessing = 0;
		};
		5594A57124FAED260089E59F /* Frameworks */ = {
			isa = PBXFrameworksBuildPhase;
			buildActionMask = 2147483647;
			files = (
			);
			runOnlyForDeploymentPostprocessing = 0;
		};
/* End PBXFrameworksBuildPhase section */

/* Begin PBXGroup section */
		557530CD22E7E69A009C1B28 = {
			isa = PBXGroup;
			children = (
				552646832507A8CF00BA42AF /* DOS */,
				5539EC5C23EE82F100257920 /* Fonts */,
				55A0F3ED22E82F8900F6A149 /* BIOS */,
				557530D822E7E69A009C1B28 /* DK86PC */,
				5594A57524FAED260089E59F /* CPUTests */,
				557530D722E7E69A009C1B28 /* Products */,
				55F0A7C023CB8A5100A0E64B /* Frameworks */,
			);
			sourceTree = "<group>";
		};
		557530D722E7E69A009C1B28 /* Products */ = {
			isa = PBXGroup;
			children = (
				557530D622E7E69A009C1B28 /* DK86PC */,
				5594A57424FAED260089E59F /* CPUTests */,
			);
			name = Products;
			sourceTree = "<group>";
		};
		557530D822E7E69A009C1B28 /* DK86PC */ = {
			isa = PBXGroup;
			children = (
				557530D922E7E69A009C1B28 /* main.cpp */,
				5564B20223C254500081F6B1 /* Instructions.h */,
				55A0F3DF22E7E85C00F6A149 /* CPU.cpp */,
				55A0F3E022E7E85C00F6A149 /* CPU.hpp */,
				55A0F3E622E80F3900F6A149 /* PC.cpp */,
				55A0F3E722E80F3900F6A149 /* PC.hpp */,
				5594A58724FB29D10089E59F /* PortInterface.hpp */,
				55A0F3E222E7EA2900F6A149 /* Memory.cpp */,
				55A0F3E322E7EA2900F6A149 /* Memory.hpp */,
				55F0A7BD23CB739E00A0E64B /* CGA.cpp */,
				55F0A7BE23CB739E00A0E64B /* CGA.hpp */,
				5564B20323C5FB7E0081F6B1 /* DMA.cpp */,
				5564B20423C5FB7E0081F6B1 /* DMA.hpp */,
				5564B20623C60B400081F6B1 /* PIC.cpp */,
				5564B20723C60B400081F6B1 /* PIC.hpp */,
				55B5EDF4249A7DB600283102 /* FDC.cpp */,
				55B5EDF5249A7DB600283102 /* FDC.hpp */,
				5564B20923C614470081F6B1 /* PPI.cpp */,
				5564B20A23C614470081F6B1 /* PPI.hpp */,
				555F82F323F7EE390068D5AB /* PIT.cpp */,
				555F82F423F7EE390068D5AB /* PIT.hpp */,
				55A0F3E522E7EAA200F6A149 /* Types.h */,
				556C12B622EABC8600A3F140 /* notes.txt */,
			);
			name = DK86PC;
			sourceTree = "<group>";
		};
		5594A57524FAED260089E59F /* CPUTests */ = {
			isa = PBXGroup;
			children = (
				5594A58024FAF2030089E59F /* 80186_tests */,
				5594A57C24FAEE100089E59F /* catch.hpp */,
				5594A57624FAED260089E59F /* CPUTestsMain.cpp */,
				5594A57E24FAEED90089E59F /* CPUTests.cpp */,
				5594A58924FB2D590089E59F /* DummyPortInterface.hpp */,
			);
			path = CPUTests;
			sourceTree = "<group>";
		};
		55F0A7C023CB8A5100A0E64B /* Frameworks */ = {
			isa = PBXGroup;
			children = (
				55909A98259E6D4D009B439F /* SDL2_ttf.framework */,
				55909A9B259E6D9A009B439F /* SDL2.framework */,
			);
			name = Frameworks;
			sourceTree = "<group>";
		};
/* End PBXGroup section */

/* Begin PBXHeadersBuildPhase section */
		5594A58224FAF49F0089E59F /* Headers */ = {
			isa = PBXHeadersBuildPhase;
			buildActionMask = 2147483647;
			files = (
				5594A58324FAF4A60089E59F /* catch.hpp in Headers */,
				5594A58824FB29D10089E59F /* PortInterface.hpp in Headers */,
				5594A58A24FB2D590089E59F /* DummyPortInterface.hpp in Headers */,
				5594A58524FAF4F00089E59F /* Memory.hpp in Headers */,
				5594A58624FAF4F50089E59F /* CPU.hpp in Headers */,
			);
			runOnlyForDeploymentPostprocessing = 0;
		};
/* End PBXHeadersBuildPhase section */

/* Begin PBXNativeTarget section */
		557530D522E7E69A009C1B28 /* DK86PC */ = {
			isa = PBXNativeTarget;
			buildConfigurationList = 557530DD22E7E69A009C1B28 /* Build configuration list for PBXNativeTarget "DK86PC" */;
			buildPhases = (
				557530D322E7E69A009C1B28 /* Frameworks */,
				557530D222E7E69A009C1B28 /* Sources */,
				557530D422E7E69A009C1B28 /* CopyFiles */,
				55F0A7C523CB8AB400A0E64B /* Embed Frameworks */,
			);
			buildRules = (
			);
			dependencies = (
			);
			name = DK86PC;
			productName = DK86PC;
			productReference = 557530D622E7E69A009C1B28 /* DK86PC */;
			productType = "com.apple.product-type.tool";
		};
		5594A57324FAED260089E59F /* CPUTests */ = {
			isa = PBXNativeTarget;
			buildConfigurationList = 5594A57824FAED260089E59F /* Build configuration list for PBXNativeTarget "CPUTests" */;
			buildPhases = (
				5594A58224FAF49F0089E59F /* Headers */,
				5594A57024FAED260089E59F /* Sources */,
				5594A57124FAED260089E59F /* Frameworks */,
				5594A57224FAED260089E59F /* CopyFiles */,
			);
			buildRules = (
			);
			dependencies = (
			);
			name = CPUTests;
			productName = CPUTests;
			productReference = 5594A57424FAED260089E59F /* CPUTests */;
			productType = "com.apple.product-type.tool";
		};
/* End PBXNativeTarget section */

/* Begin PBXProject section */
		557530CE22E7E69A009C1B28 /* Project object */ = {
			isa = PBXProject;
			attributes = {
				LastUpgradeCheck = 1200;
				ORGANIZATIONNAME = "David Kopec";
				TargetAttributes = {
					557530D522E7E69A009C1B28 = {
						CreatedOnToolsVersion = 10.3;
					};
					5594A57324FAED260089E59F = {
						CreatedOnToolsVersion = 11.6;
					};
				};
			};
			buildConfigurationList = 557530D122E7E69A009C1B28 /* Build configuration list for PBXProject "DK86PC" */;
			compatibilityVersion = "Xcode 9.3";
			developmentRegion = en;
			hasScannedForEncodings = 0;
			knownRegions = (
				en,
				Base,
			);
			mainGroup = 557530CD22E7E69A009C1B28;
			productRefGroup = 557530D722E7E69A009C1B28 /* Products */;
			projectDirPath = "";
			projectRoot = "";
			targets = (
				557530D522E7E69A009C1B28 /* DK86PC */,
				5594A57324FAED260089E59F /* CPUTests */,
			);
		};
/* End PBXProject section */

/* Begin PBXSourcesBuildPhase section */
		557530D222E7E69A009C1B28 /* Sources */ = {
			isa = PBXSourcesBuildPhase;
			buildActionMask = 2147483647;
			files = (
				555F82F523F7EE390068D5AB /* PIT.cpp in Sources */,
				5564B20823C60B400081F6B1 /* PIC.cpp in Sources */,
				55A0F3E422E7EA2900F6A149 /* Memory.cpp in Sources */,
				55A0F3E122E7E85C00F6A149 /* CPU.cpp in Sources */,
				55F0A7BF23CB739E00A0E64B /* CGA.cpp in Sources */,
				55A0F3E822E80F3900F6A149 /* PC.cpp in Sources */,
				557530DA22E7E69A009C1B28 /* main.cpp in Sources */,
				55B5EDF6249A7DB600283102 /* FDC.cpp in Sources */,
				5564B20B23C614470081F6B1 /* PPI.cpp in Sources */,
				5564B20523C5FB7E0081F6B1 /* DMA.cpp in Sources */,
			);
			runOnlyForDeploymentPostprocessing = 0;
		};
		5594A57024FAED260089E59F /* Sources */ = {
			isa = PBXSourcesBuildPhase;
			buildActionMask = 2147483647;
			files = (
				5594A58424FAF4B50089E59F /* CPUTests.cpp in Sources */,
				5594A57D24FAEE2C0089E59F /* CPU.cpp in Sources */,
				5594A57B24FAED3C0089E59F /* Memory.cpp in Sources */,
				5594A57724FAED260089E59F /* CPUTestsMain.cpp in Sources */,
			);
			runOnlyForDeploymentPostprocessing = 0;
		};
/* End PBXSourcesBuildPhase section */

/* Begin XCBuildConfiguration section */
		557530DB22E7E69A009C1B28 /* Debug */ = {
			isa = XCBuildConfiguration;
			buildSettings = {
				ALWAYS_SEARCH_USER_PATHS = NO;
				CLANG_ANALYZER_NONNULL = YES;
				CLANG_ANALYZER_NUMBER_OBJECT_CONVERSION = YES_AGGRESSIVE;
				CLANG_CXX_LANGUAGE_STANDARD = "c++17";
				CLANG_CXX_LIBRARY = "libc++";
				CLANG_ENABLE_MODULES = YES;
				CLANG_ENABLE_OBJC_ARC = YES;
				CLANG_ENABLE_OBJC_WEAK = YES;
				CLANG_WARN_BLOCK_CAPTURE_AUTORELEASING = YES;
				CLANG_WARN_BOOL_CONVERSION = YES;
				CLANG_WARN_COMMA = YES;
				CLANG_WARN_CONSTANT_CONVERSION = YES;
				CLANG_WARN_DEPRECATED_OBJC_IMPLEMENTATIONS = YES;
				CLANG_WARN_DIRECT_OBJC_ISA_USAGE = YES_ERROR;
				CLANG_WARN_DOCUMENTATION_COMMENTS = YES;
				CLANG_WARN_EMPTY_BODY = YES;
				CLANG_WARN_ENUM_CONVERSION = YES;
				CLANG_WARN_IMPLICIT_SIGN_CONVERSION = NO;
				CLANG_WARN_INFINITE_RECURSION = YES;
				CLANG_WARN_INT_CONVERSION = YES;
				CLANG_WARN_NON_LITERAL_NULL_CONVERSION = YES;
				CLANG_WARN_OBJC_IMPLICIT_RETAIN_SELF = YES;
				CLANG_WARN_OBJC_LITERAL_CONVERSION = YES;
				CLANG_WARN_OBJC_ROOT_CLASS = YES_ERROR;
				CLANG_WARN_QUOTED_INCLUDE_IN_FRAMEWORK_HEADER = NO;
				CLANG_WARN_RANGE_LOOP_ANALYSIS = YES;
				CLANG_WARN_STRICT_PROTOTYPES = YES;
				CLANG_WARN_SUSPICIOUS_MOVE = YES;
				CLANG_WARN_UNGUARDED_AVAILABILITY = YES_AGGRESSIVE;
				CLANG_WARN_UNREACHABLE_CODE = YES;
				CLANG_WARN__DUPLICATE_METHOD_MATCH = YES;
				CODE_SIGN_IDENTITY = "Mac Developer";
				COPY_PHASE_STRIP = NO;
				DEBUG_INFORMATION_FORMAT = dwarf;
				ENABLE_STRICT_OBJC_MSGSEND = YES;
				ENABLE_TESTABILITY = YES;
				GCC_C_LANGUAGE_STANDARD = gnu11;
				GCC_DYNAMIC_NO_PIC = NO;
				GCC_NO_COMMON_BLOCKS = YES;
				GCC_OPTIMIZATION_LEVEL = 0;
				GCC_PREPROCESSOR_DEFINITIONS = (
					"DEBUG=1",
					"$(inherited)",
				);
				GCC_WARN_64_TO_32_BIT_CONVERSION = YES;
				GCC_WARN_ABOUT_RETURN_TYPE = YES_ERROR;
				GCC_WARN_PEDANTIC = NO;
				GCC_WARN_UNDECLARED_SELECTOR = YES;
				GCC_WARN_UNINITIALIZED_AUTOS = YES_AGGRESSIVE;
				GCC_WARN_UNUSED_FUNCTION = YES;
				GCC_WARN_UNUSED_VARIABLE = YES;
				MACOSX_DEPLOYMENT_TARGET = 10.14;
				MTL_ENABLE_DEBUG_INFO = INCLUDE_SOURCE;
				MTL_FAST_MATH = YES;
				ONLY_ACTIVE_ARCH = YES;
				OTHER_LDFLAGS = "";
				SDKROOT = macosx;
			};
			name = Debug;
		};
		557530DC22E7E69A009C1B28 /* Release */ = {
			isa = XCBuildConfiguration;
			buildSettings = {
				ALWAYS_SEARCH_USER_PATHS = NO;
				CLANG_ANALYZER_NONNULL = YES;
				CLANG_ANALYZER_NUMBER_OBJECT_CONVERSION = YES_AGGRESSIVE;
				CLANG_CXX_LANGUAGE_STANDARD = "c++17";
				CLANG_CXX_LIBRARY = "libc++";
				CLANG_ENABLE_MODULES = YES;
				CLANG_ENABLE_OBJC_ARC = YES;
				CLANG_ENABLE_OBJC_WEAK = YES;
				CLANG_WARN_BLOCK_CAPTURE_AUTORELEASING = YES;
				CLANG_WARN_BOOL_CONVERSION = YES;
				CLANG_WARN_COMMA = YES;
				CLANG_WARN_CONSTANT_CONVERSION = YES;
				CLANG_WARN_DEPRECATED_OBJC_IMPLEMENTATIONS = YES;
				CLANG_WARN_DIRECT_OBJC_ISA_USAGE = YES_ERROR;
				CLANG_WARN_DOCUMENTATION_COMMENTS = YES;
				CLANG_WARN_EMPTY_BODY = YES;
				CLANG_WARN_ENUM_CONVERSION = YES;
				CLANG_WARN_IMPLICIT_SIGN_CONVERSION = NO;
				CLANG_WARN_INFINITE_RECURSION = YES;
				CLANG_WARN_INT_CONVERSION = YES;
				CLANG_WARN_NON_LITERAL_NULL_CONVERSION = YES;
				CLANG_WARN_OBJC_IMPLICIT_RETAIN_SELF = YES;
				CLANG_WARN_OBJC_LITERAL_CONVERSION = YES;
				CLANG_WARN_OBJC_ROOT_CLASS = YES_ERROR;
				CLANG_WARN_QUOTED_INCLUDE_IN_FRAMEWORK_HEADER = NO;
				CLANG_WARN_RANGE_LOOP_ANALYSIS = YES;
				CLANG_WARN_STRICT_PROTOTYPES = YES;
				CLANG_WARN_SUSPICIOUS_MOVE = YES;
				CLANG_WARN_UNGUARDED_AVAILABILITY = YES_AGGRESSIVE;
				CLANG_WARN_UNREACHABLE_CODE = YES;
				CLANG_WARN__DUPLICATE_METHOD_MATCH = YES;
				CODE_SIGN_IDENTITY = "Mac Developer";
				COPY_PHASE_STRIP = NO;
				DEBUG_INFORMATION_FORMAT = "dwarf-with-dsym";
				ENABLE_NS_ASSERTIONS = NO;
				ENABLE_STRICT_OBJC_MSGSEND = YES;
				GCC_C_LANGUAGE_STANDARD = gnu11;
				GCC_NO_COMMON_BLOCKS = YES;
				GCC_WARN_64_TO_32_BIT_CONVERSION = YES;
				GCC_WARN_ABOUT_RETURN_TYPE = YES_ERROR;
				GCC_WARN_PEDANTIC = NO;
				GCC_WARN_UNDECLARED_SELECTOR = YES;
				GCC_WARN_UNINITIALIZED_AUTOS = YES_AGGRESSIVE;
				GCC_WARN_UNUSED_FUNCTION = YES;
				GCC_WARN_UNUSED_VARIABLE = YES;
				MACOSX_DEPLOYMENT_TARGET = 10.14;
				MTL_ENABLE_DEBUG_INFO = NO;
				MTL_FAST_MATH = YES;
				OTHER_LDFLAGS = "";
				SDKROOT = macosx;
			};
			name = Release;
		};
		557530DE22E7E69A009C1B28 /* Debug */ = {
			isa = XCBuildConfiguration;
			buildSettings = {
				CODE_SIGN_IDENTITY = "-";
				CODE_SIGN_STYLE = Automatic;
				DEVELOPMENT_TEAM = 59VX8JQ7R6;
				FRAMEWORK_SEARCH_PATHS = (
					"$(inherited)",
					"$(PROJECT_DIR)/SDL",
					"$(PROJECT_DIR)/SDL/SDL2_ttf.framework/Versions/A/Frameworks",
				);
				HEADER_SEARCH_PATHS = (
					"$(SRCROOT)/SDL/SDL2.framework/Headers",
					"$(SRCROOT)/SDL/SDL2_ttf.framework/Headers",
				);
				LD_RUNPATH_SEARCH_PATHS = "@executable_path/../Frameworks";
				OTHER_CODE_SIGN_FLAGS = "--deep";
				OTHER_LDFLAGS = (
					"-framework",
					SDL2,
				);
				PRODUCT_NAME = "$(TARGET_NAME)";
			};
			name = Debug;
		};
		557530DF22E7E69A009C1B28 /* Release */ = {
			isa = XCBuildConfiguration;
			buildSettings = {
				CODE_SIGN_IDENTITY = "-";
				CODE_SIGN_STYLE = Automatic;
				DEVELOPMENT_TEAM = 59VX8JQ7R6;
				FRAMEWORK_SEARCH_PATHS = (
					"$(inherited)",
					"$(PROJECT_DIR)/SDL",
					"$(PROJECT_DIR)/SDL/SDL2_ttf.framework/Versions/A/Frameworks",
				);
				HEADER_SEARCH_PATHS = (
					"$(SRCROOT)/SDL/SDL2.framework/Headers",
					"$(SRCROOT)/SDL/SDL2_ttf.framework/Headers",
				);
				LD_RUNPATH_SEARCH_PATHS = "@executable_path/../Frameworks";
				OTHER_CODE_SIGN_FLAGS = "--deep";
				OTHER_LDFLAGS = (
					"-framework",
					SDL2,
				);
				PRODUCT_NAME = "$(TARGET_NAME)";
			};
			name = Release;
		};
		5594A57924FAED260089E59F /* Debug */ = {
			isa = XCBuildConfiguration;
			buildSettings = {
				CLANG_CXX_LANGUAGE_STANDARD = "c++17";
				CODE_SIGN_IDENTITY = "-";
				CODE_SIGN_STYLE = Automatic;
				DEVELOPMENT_TEAM = 59VX8JQ7R6;
				ENABLE_HARDENED_RUNTIME = YES;
				GCC_C_LANGUAGE_STANDARD = c11;
				MACOSX_DEPLOYMENT_TARGET = 10.15;
				PRODUCT_NAME = "$(TARGET_NAME)";
			};
			name = Debug;
		};
		5594A57A24FAED260089E59F /* Release */ = {
			isa = XCBuildConfiguration;
			buildSettings = {
				CLANG_CXX_LANGUAGE_STANDARD = "c++17";
				CODE_SIGN_IDENTITY = "-";
				CODE_SIGN_STYLE = Automatic;
				DEVELOPMENT_TEAM = 59VX8JQ7R6;
				ENABLE_HARDENED_RUNTIME = YES;
				GCC_C_LANGUAGE_STANDARD = c11;
				MACOSX_DEPLOYMENT_TARGET = 10.15;
				PRODUCT_NAME = "$(TARGET_NAME)";
			};
			name = Release;
		};
/* End XCBuildConfiguration section */

/* Begin XCConfigurationList section */
		557530D122E7E69A009C1B28 /* Build configuration list for PBXProject "DK86PC" */ = {
			isa = XCConfigurationList;
			buildConfigurations = (
				557530DB22E7E69A009C1B28 /* Debug */,
				557530DC22E7E69A009C1B28 /* Release */,
			);
			defaultConfigurationIsVisible = 0;
			defaultConfigurationName = Release;
		};
		557530DD22E7E69A009C1B28 /* Build configuration list for PBXNativeTarget "DK86PC" */ = {
			isa = XCConfigurationList;
			buildConfigurations = (
				557530DE22E7E69A009C1B28 /* Debug */,
				557530DF22E7E69A009C1B28 /* Release */,
			);
			defaultConfigurationIsVisible = 0;
			defaultConfigurationName = Release;
		};
		5594A57824FAED260089E59F /* Build configuration list for PBXNativeTarget "CPUTests" */ = {
			isa = XCConfigurationList;
			buildConfigurations = (
				5594A57924FAED260089E59F /* Debug */,
				5594A57A24FAED260089E59F /* Release */,
			);
			defaultConfigurationIsVisible = 0;
			defaultConfigurationName = Release;
		};
/* End XCConfigurationList section */
	};
	rootObject = 557530CE22E7E69A009C1B28 /* Project object */;
}
